
Microsoft Visual Studio Solution File, Format Version 12.00
# Visual Studio Version 17
VisualStudioVersion = 17.14.36414.22
MinimumVisualStudioVersion = 10.0.40219.1
Project("{FAE04EC0-301F-11D3-BF4B-00C04F79EFBC}") = "AchatJeuxVideo", "AchatJeuxVideo.csproj", "{AD351B0C-F20E-4251-BB0E-F9BE3BBE41D9}"
EndProject
Global
	GlobalSection(SolutionConfigurationPlatforms) = preSolution
		Debug|Any CPU = Debug|Any CPU
		Release|Any CPU = Release|Any CPU
	EndGlobalSection
	GlobalSection(ProjectConfigurationPlatforms) = postSolution
		{AD351B0C-F20E-4251-BB0E-F9BE3BBE41D9}.Debug|Any CPU.ActiveCfg = Debug|Any CPU
		{AD351B0C-F20E-4251-BB0E-F9BE3BBE41D9}.Debug|Any CPU.Build.0 = Debug|Any CPU
		{AD351B0C-F20E-4251-BB0E-F9BE3BBE41D9}.Release|Any CPU.ActiveCfg = Release|Any CPU
		{AD351B0C-F20E-4251-BB0E-F9BE3BBE41D9}.Release|Any CPU.Build.0 = Release|Any CPU
	EndGlobalSection
	GlobalSection(SolutionProperties) = preSolution
		HideSolutionNode = FALSE
	EndGlobalSection
	GlobalSection(ExtensibilityGlobals) = postSolution
		SolutionGuid = {AF49B1B6-F800-497C-A7B3-D1BDE395DE87}
	EndGlobalSection
EndGlobal
